
Microsoft Visual Studio Solution File, Format Version 12.00
# Visual Studio Version 17
VisualStudioVersion = 17.7.34221.43
MinimumVisualStudioVersion = 10.0.40219.1
Project("{FAE04EC0-301F-11D3-BF4B-00C04F79EFBC}") = "Steam Server Creation Tool V2", "Steam Server Creation Tool V2\Steam Server Creation Tool V2.csproj", "{2F2121DF-5A99-4334-99A6-205E6EA6D3BB}"
EndProject
Global
	GlobalSection(SolutionConfigurationPlatforms) = preSolution
		Debug|Any CPU = Debug|Any CPU
		Release|Any CPU = Release|Any CPU
	EndGlobalSection
	GlobalSection(ProjectConfigurationPlatforms) = postSolution
		{2F2121DF-5A99-4334-99A6-205E6EA6D3BB}.Debug|Any CPU.ActiveCfg = Debug|Any CPU
		{2F2121DF-5A99-4334-99A6-205E6EA6D3BB}.Debug|Any CPU.Build.0 = Debug|Any CPU
		{2F2121DF-5A99-4334-99A6-205E6EA6D3BB}.Release|Any CPU.ActiveCfg = Release|Any CPU
		{2F2121DF-5A99-4334-99A6-205E6EA6D3BB}.Release|Any CPU.Build.0 = Release|Any CPU
	EndGlobalSection
	GlobalSection(SolutionProperties) = preSolution
		HideSolutionNode = FALSE
	EndGlobalSection
	GlobalSection(ExtensibilityGlobals) = postSolution
		SolutionGuid = {8F811F62-DDA3-4F62-A1B7-13B2A2098074}
	EndGlobalSection
EndGlobal
